
Microsoft Visual Studio Solution File, Format Version 12.00
# Visual Studio Version 16
VisualStudioVersion = 16.0.32002.261
MinimumVisualStudioVersion = 10.0.40219.1
Project("{9A19103F-16F7-4668-BE54-9A1E7A4F7556}") = "UnitofWork", "UnitofWork\UnitofWork.csproj", "{26F71CB1-A7CF-4D6B-B78D-75E5313270E8}"
EndProject
Project("{9A19103F-16F7-4668-BE54-9A1E7A4F7556}") = "Datas", "Datas\Datas.csproj", "{D15DC20D-6224-42E8-B347-7F1B9BB0CDEE}"
EndProject
Project("{2150E333-8FDC-42A3-9474-1A3956D46DE8}") = "API", "API", "{6183AB45-8E5A-423F-824B-FA0D6A3B266C}"
EndProject
Project("{2150E333-8FDC-42A3-9474-1A3956D46DE8}") = "Data", "Data", "{58B34C75-0164-4221-9D43-94B79B2CB221}"
EndProject
Global
	GlobalSection(SolutionConfigurationPlatforms) = preSolution
		Debug|Any CPU = Debug|Any CPU
		Release|Any CPU = Release|Any CPU
	EndGlobalSection
	GlobalSection(ProjectConfigurationPlatforms) = postSolution
		{26F71CB1-A7CF-4D6B-B78D-75E5313270E8}.Debug|Any CPU.ActiveCfg = Debug|Any CPU
		{26F71CB1-A7CF-4D6B-B78D-75E5313270E8}.Debug|Any CPU.Build.0 = Debug|Any CPU
		{26F71CB1-A7CF-4D6B-B78D-75E5313270E8}.Release|Any CPU.ActiveCfg = Release|Any CPU
		{26F71CB1-A7CF-4D6B-B78D-75E5313270E8}.Release|Any CPU.Build.0 = Release|Any CPU
		{D15DC20D-6224-42E8-B347-7F1B9BB0CDEE}.Debug|Any CPU.ActiveCfg = Debug|Any CPU
		{D15DC20D-6224-42E8-B347-7F1B9BB0CDEE}.Debug|Any CPU.Build.0 = Debug|Any CPU
		{D15DC20D-6224-42E8-B347-7F1B9BB0CDEE}.Release|Any CPU.ActiveCfg = Release|Any CPU
		{D15DC20D-6224-42E8-B347-7F1B9BB0CDEE}.Release|Any CPU.Build.0 = Release|Any CPU
	EndGlobalSection
	GlobalSection(SolutionProperties) = preSolution
		HideSolutionNode = FALSE
	EndGlobalSection
	GlobalSection(NestedProjects) = preSolution
		{26F71CB1-A7CF-4D6B-B78D-75E5313270E8} = {6183AB45-8E5A-423F-824B-FA0D6A3B266C}
		{D15DC20D-6224-42E8-B347-7F1B9BB0CDEE} = {58B34C75-0164-4221-9D43-94B79B2CB221}
	EndGlobalSection
	GlobalSection(ExtensibilityGlobals) = postSolution
		SolutionGuid = {1960873C-65D1-4283-B2DC-0C74A55820FA}
	EndGlobalSection
EndGlobal
